Microsoft Visual Studio Solution File, Format Version 12.00
# Visual Studio Version 17
VisualStudioVersion = 17.0.31903.59
MinimumVisualStudioVersion = 10.0.40219.1
Project("{9A19103F-16F7-4668-BE54-9A1E7A4F7556}") = "Game.Core", "Game.Core\Game.Core.csproj", "{A1B1C1D1-1111-1111-1111-A1B1C1D1A1B1}"
EndProject
Project("{9A19103F-16F7-4668-BE54-9A1E7A4F7556}") = "Game.Server", "Game.Server\Game.Server.csproj", "{A2B2C2D2-2222-2222-2222-A2B2C2D2A2B2}"
EndProject
Global
	GlobalSection(SolutionConfigurationPlatforms) = preSolution
		Debug|Any CPU = Debug|Any CPU
		Release|Any CPU = Release|Any CPU
	EndGlobalSection
	GlobalSection(ProjectConfigurationPlatforms) = postSolution
		{A1B1C1D1-1111-1111-1111-A1B1C1D1A1B1}.Debug|Any CPU.ActiveCfg = Debug|Any CPU
		{A1B1C1D1-1111-1111-1111-A1B1C1D1A1B1}.Debug|Any CPU.Build.0 = Debug|Any CPU
		{A1B1C1D1-1111-1111-1111-A1B1C1D1A1B1}.Release|Any CPU.ActiveCfg = Release|Any CPU
		{A1B1C1D1-1111-1111-1111-A1B1C1D1A1B1}.Release|Any CPU.Build.0 = Release|Any CPU
		{A2B2C2D2-2222-2222-2222-A2B2C2D2A2B2}.Debug|Any CPU.ActiveCfg = Debug|Any CPU
		{A2B2C2D2-2222-2222-2222-A2B2C2D2A2B2}.Debug|Any CPU.Build.0 = Debug|Any CPU
		{A2B2C2D2-2222-2222-2222-A2B2C2D2A2B2}.Release|Any CPU.ActiveCfg = Release|Any CPU
		{A2B2C2D2-2222-2222-2222-A2B2C2D2A2B2}.Release|Any CPU.Build.0 = Release|Any CPU
	EndGlobalSection
	GlobalSection(SolutionProperties) = preSolution
		HideSolutionNode = FALSE
	EndGlobalSection
EndGlobal
